
Microsoft Visual Studio Solution File, Format Version 12.00
# Visual Studio Version 17
VisualStudioVersion = 17.11.35312.102
MinimumVisualStudioVersion = 10.0.40219.1
Project("{FAE04EC0-301F-11D3-BF4B-00C04F79EFBC}") = "WebApplicationApi_1", "WebApplicationApi_1\WebApplicationApi_1.csproj", "{072FC84F-23F3-467E-8356-EDEE1EFC70BC}"
EndProject
Global
	GlobalSection(SolutionConfigurationPlatforms) = preSolution
		Debug|Any CPU = Debug|Any CPU
		Release|Any CPU = Release|Any CPU
	EndGlobalSection
	GlobalSection(ProjectConfigurationPlatforms) = postSolution
		{072FC84F-23F3-467E-8356-EDEE1EFC70BC}.Debug|Any CPU.ActiveCfg = Debug|Any CPU
		{072FC84F-23F3-467E-8356-EDEE1EFC70BC}.Debug|Any CPU.Build.0 = Debug|Any CPU
		{072FC84F-23F3-467E-8356-EDEE1EFC70BC}.Release|Any CPU.ActiveCfg = Release|Any CPU
		{072FC84F-23F3-467E-8356-EDEE1EFC70BC}.Release|Any CPU.Build.0 = Release|Any CPU
	EndGlobalSection
	GlobalSection(SolutionProperties) = preSolution
		HideSolutionNode = FALSE
	EndGlobalSection
	GlobalSection(ExtensibilityGlobals) = postSolution
		SolutionGuid = {8BECF546-2429-48FC-BDCC-031211170ED2}
	EndGlobalSection
EndGlobal
